
Microsoft Visual Studio Solution File, Format Version 10.00
# Visual C++ Express 2008
Project("{8BC9CEB8-8B4A-11D0-8D11-00A0C91BC942}") = "libfcache", "libfcache\libfcache.vcproj", "{636E0000-4959-457C-87C5-A212602F3D35}"
	ProjectSection(ProjectDependencies) = postProject
		{DD273836-1A76-4A27-BD8E-6866FD572BA0} = {DD273836-1A76-4A27-BD8E-6866FD572BA0}
		{E2987217-D34B-4180-88E2-7670BA247C47} = {E2987217-D34B-4180-88E2-7670BA247C47}
		{C73E0E1E-712E-40FA-9665-9963FBBAF8C4} = {C73E0E1E-712E-40FA-9665-9963FBBAF8C4}
	EndProjectSection
EndProject
Project("{8BC9CEB8-8B4A-11D0-8D11-00A0C91BC942}") = "agdb_test_compressed_block", "agdb_test_compressed_block\agdb_test_compressed_block.vcproj", "{B5A91EC7-26A0-44DB-AAE0-A64CD0D7ACD8}"
	ProjectSection(ProjectDependencies) = postProject
		{6CEDC6AA-1B60-434A-BD96-3BA83AB22ADE} = {6CEDC6AA-1B60-434A-BD96-3BA83AB22ADE}
		{DD273836-1A76-4A27-BD8E-6866FD572BA0} = {DD273836-1A76-4A27-BD8E-6866FD572BA0}
	EndProjectSection
EndProject
Project("{8BC9CEB8-8B4A-11D0-8D11-00A0C91BC942}") = "agdb_test_compressed_blocks_stream_data_handle", "agdb_test_compressed_blocks_stream_data_handle\agdb_test_compressed_blocks_stream_data_handle.vcproj", "{0A3EF574-FC0B-4743-AFEE-D82B500927F7}"
	ProjectSection(ProjectDependencies) = postProject
		{6CEDC6AA-1B60-434A-BD96-3BA83AB22ADE} = {6CEDC6AA-1B60-434A-BD96-3BA83AB22ADE}
		{DD273836-1A76-4A27-BD8E-6866FD572BA0} = {DD273836-1A76-4A27-BD8E-6866FD572BA0}
	EndProjectSection
EndProject
Project("{8BC9CEB8-8B4A-11D0-8D11-00A0C91BC942}") = "agdb_test_compressed_file_header", "agdb_test_compressed_file_header\agdb_test_compressed_file_header.vcproj", "{01DD2757-7DE8-4743-A1F4-9F4252739983}"
	ProjectSection(ProjectDependencies) = postProject
		{6CEDC6AA-1B60-434A-BD96-3BA83AB22ADE} = {6CEDC6AA-1B60-434A-BD96-3BA83AB22ADE}
		{DD273836-1A76-4A27-BD8E-6866FD572BA0} = {DD273836-1A76-4A27-BD8E-6866FD572BA0}
	EndProjectSection
EndProject
Project("{8BC9CEB8-8B4A-11D0-8D11-00A0C91BC942}") = "agdb_test_error", "agdb_test_error\agdb_test_error.vcproj", "{AAAADD84-B054-4E76-81BD-CDB970A47FA4}"
	ProjectSection(ProjectDependencies) = postProject
		{6CEDC6AA-1B60-434A-BD96-3BA83AB22ADE} = {6CEDC6AA-1B60-434A-BD96-3BA83AB22ADE}
	EndProjectSection
EndProject
Project("{8BC9CEB8-8B4A-11D0-8D11-00A0C91BC942}") = "agdb_test_file", "agdb_test_file\agdb_test_file.vcproj", "{1C752E7E-1E6F-4B75-BE45-1D9A69DE901C}"
	ProjectSection(ProjectDependencies) = postProject
		{41CFAFBF-A1C8-4704-AFEF-31979E6452B9} = {41CFAFBF-A1C8-4704-AFEF-31979E6452B9}
		{966741B0-8A94-434D-8395-CFA57ACD2984} = {966741B0-8A94-434D-8395-CFA57ACD2984}
		{459FB64E-C06A-4297-A059-D4436995C9B6} = {459FB64E-C06A-4297-A059-D4436995C9B6}
		{BC27FF34-C859-4A1A-95D6-FC89952E1910} = {BC27FF34-C859-4A1A-95D6-FC89952E1910}
		{A3EAA8A5-E938-4DFA-A16E-571745A5B237} = {A3EAA8A5-E938-4DFA-A16E-571745A5B237}
		{383ACE1D-3F9A-4FFD-9064-4A07A8DEE555} = {383ACE1D-3F9A-4FFD-9064-4A07A8DEE555}
		{8BD5658D-DD71-4B94-BBB1-E4C1CD179487} = {8BD5658D-DD71-4B94-BBB1-E4C1CD179487}
		{C73E0E1E-712E-40FA-9665-9963FBBAF8C4} = {C73E0E1E-712E-40FA-9665-9963FBBAF8C4}
		{6CEDC6AA-1B60-434A-BD96-3BA83AB22ADE} = {6CEDC6AA-1B60-434A-BD96-3BA83AB22ADE}
		{E2987217-D34B-4180-88E2-7670BA247C47} = {E2987217-D34B-4180-88E2-7670BA247C47}
		{DD273836-1A76-4A27-BD8E-6866FD572BA0} = {DD273836-1A76-4A27-BD8E-6866FD572BA0}
	EndProjectSection
EndProject
Project("{8BC9CEB8-8B4A-11D0-8D11-00A0C91BC942}") = "agdb_test_file_information", "agdb_test_file_information\agdb_test_file_information.vcproj", "{7E129FF4-B5B3-4D84-923C-B901FE85E783}"
	ProjectSection(ProjectDependencies) = postProject
		{3B880B4D-6184-4F72-A5EE-180829F7289E} = {3B880B4D-6184-4F72-A5EE-180829F7289E}
		{41CFAFBF-A1C8-4704-AFEF-31979E6452B9} = {41CFAFBF-A1C8-4704-AFEF-31979E6452B9}
		{966741B0-8A94-434D-8395-CFA57ACD2984} = {966741B0-8A94-434D-8395-CFA57ACD2984}
		{459FB64E-C06A-4297-A059-D4436995C9B6} = {459FB64E-C06A-4297-A059-D4436995C9B6}
		{BC27FF34-C859-4A1A-95D6-FC89952E1910} = {BC27FF34-C859-4A1A-95D6-FC89952E1910}
		{A3EAA8A5-E938-4DFA-A16E-571745A5B237} = {A3EAA8A5-E938-4DFA-A16E-571745A5B237}
		{383ACE1D-3F9A-4FFD-9064-4A07A8DEE555} = {383ACE1D-3F9A-4FFD-9064-4A07A8DEE555}
		{8BD5658D-DD71-4B94-BBB1-E4C1CD179487} = {8BD5658D-DD71-4B94-BBB1-E4C1CD179487}
		{C73E0E1E-712E-40FA-9665-9963FBBAF8C4} = {C73E0E1E-712E-40FA-9665-9963FBBAF8C4}
		{6CEDC6AA-1B60-434A-BD96-3BA83AB22ADE} = {6CEDC6AA-1B60-434A-BD96-3BA83AB22ADE}
		{DD273836-1A76-4A27-BD8E-6866FD572BA0} = {DD273836-1A76-4A27-BD8E-6866FD572BA0}
	EndProjectSection
EndProject
Project("{8BC9CEB8-8B4A-11D0-8D11-00A0C91BC942}") = "agdb_test_io_handle", "agdb_test_io_handle\agdb_test_io_handle.vcproj", "{4CE7498D-95FE-439D-9576-DDA5F6685103}"
	ProjectSection(ProjectDependencies) = postProject
		{6CEDC6AA-1B60-434A-BD96-3BA83AB22ADE} = {6CEDC6AA-1B60-434A-BD96-3BA83AB22ADE}
		{DD273836-1A76-4A27-BD8E-6866FD572BA0} = {DD273836-1A76-4A27-BD8E-6866FD572BA0}
	EndProjectSection
EndProject
Project("{8BC9CEB8-8B4A-11D0-8D11-00A0C91BC942}") = "agdb_test_notify", "agdb_test_notify\agdb_test_notify.vcproj", "{2326A89A-926C-4381-8F08-BB7FEC4FA4E6}"
	ProjectSection(ProjectDependencies) = postProject
		{6CEDC6AA-1B60-434A-BD96-3BA83AB22ADE} = {6CEDC6AA-1B60-434A-BD96-3BA83AB22ADE}
		{DD273836-1A76-4A27-BD8E-6866FD572BA0} = {DD273836-1A76-4A27-BD8E-6866FD572BA0}
	EndProjectSection
EndProject
Project("{8BC9CEB8-8B4A-11D0-8D11-00A0C91BC942}") = "agdb_test_source_information", "agdb_test_source_information\agdb_test_source_information.vcproj", "{A703FD09-9433-44E5-8B8F-0D0942114BC8}"
	ProjectSection(ProjectDependencies) = postProject
		{6CEDC6AA-1B60-434A-BD96-3BA83AB22ADE} = {6CEDC6AA-1B60-434A-BD96-3BA83AB22ADE}
		{DD273836-1A76-4A27-BD8E-6866FD572BA0} = {DD273836-1A76-4A27-BD8E-6866FD572BA0}
	EndProjectSection
EndProject
Project("{8BC9CEB8-8B4A-11D0-8D11-00A0C91BC942}") = "agdb_test_support", "agdb_test_support\agdb_test_support.vcproj", "{62A49753-10CD-4FC7-9A6D-4FC41633C383}"
	ProjectSection(ProjectDependencies) = postProject
		{41CFAFBF-A1C8-4704-AFEF-31979E6452B9} = {41CFAFBF-A1C8-4704-AFEF-31979E6452B9}
		{966741B0-8A94-434D-8395-CFA57ACD2984} = {966741B0-8A94-434D-8395-CFA57ACD2984}
		{459FB64E-C06A-4297-A059-D4436995C9B6} = {459FB64E-C06A-4297-A059-D4436995C9B6}
		{BC27FF34-C859-4A1A-95D6-FC89952E1910} = {BC27FF34-C859-4A1A-95D6-FC89952E1910}
		{A3EAA8A5-E938-4DFA-A16E-571745A5B237} = {A3EAA8A5-E938-4DFA-A16E-571745A5B237}
		{383ACE1D-3F9A-4FFD-9064-4A07A8DEE555} = {383ACE1D-3F9A-4FFD-9064-4A07A8DEE555}
		{8BD5658D-DD71-4B94-BBB1-E4C1CD179487} = {8BD5658D-DD71-4B94-BBB1-E4C1CD179487}
		{C73E0E1E-712E-40FA-9665-9963FBBAF8C4} = {C73E0E1E-712E-40FA-9665-9963FBBAF8C4}
		{6CEDC6AA-1B60-434A-BD96-3BA83AB22ADE} = {6CEDC6AA-1B60-434A-BD96-3BA83AB22ADE}
		{DD273836-1A76-4A27-BD8E-6866FD572BA0} = {DD273836-1A76-4A27-BD8E-6866FD572BA0}
	EndProjectSection
EndProject
Project("{8BC9CEB8-8B4A-11D0-8D11-00A0C91BC942}") = "agdb_test_volume_information", "agdb_test_volume_information\agdb_test_volume_information.vcproj", "{B33C7BFA-6314-44E4-930A-A2E33C4B50B8}"
	ProjectSection(ProjectDependencies) = postProject
		{3B880B4D-6184-4F72-A5EE-180829F7289E} = {3B880B4D-6184-4F72-A5EE-180829F7289E}
		{41CFAFBF-A1C8-4704-AFEF-31979E6452B9} = {41CFAFBF-A1C8-4704-AFEF-31979E6452B9}
		{966741B0-8A94-434D-8395-CFA57ACD2984} = {966741B0-8A94-434D-8395-CFA57ACD2984}
		{459FB64E-C06A-4297-A059-D4436995C9B6} = {459FB64E-C06A-4297-A059-D4436995C9B6}
		{BC27FF34-C859-4A1A-95D6-FC89952E1910} = {BC27FF34-C859-4A1A-95D6-FC89952E1910}
		{A3EAA8A5-E938-4DFA-A16E-571745A5B237} = {A3EAA8A5-E938-4DFA-A16E-571745A5B237}
		{383ACE1D-3F9A-4FFD-9064-4A07A8DEE555} = {383ACE1D-3F9A-4FFD-9064-4A07A8DEE555}
		{8BD5658D-DD71-4B94-BBB1-E4C1CD179487} = {8BD5658D-DD71-4B94-BBB1-E4C1CD179487}
		{C73E0E1E-712E-40FA-9665-9963FBBAF8C4} = {C73E0E1E-712E-40FA-9665-9963FBBAF8C4}
		{6CEDC6AA-1B60-434A-BD96-3BA83AB22ADE} = {6CEDC6AA-1B60-434A-BD96-3BA83AB22ADE}
		{DD273836-1A76-4A27-BD8E-6866FD572BA0} = {DD273836-1A76-4A27-BD8E-6866FD572BA0}
	EndProjectSection
EndProject
Project("{8BC9CEB8-8B4A-11D0-8D11-00A0C91BC942}") = "libclocale", "libclocale\libclocale.vcproj", "{8BD5658D-DD71-4B94-BBB1-E4C1CD179487}"
	ProjectSection(ProjectDependencies) = postProject
		{DD273836-1A76-4A27-BD8E-6866FD572BA0} = {DD273836-1A76-4A27-BD8E-6866FD572BA0}
	EndProjectSection
EndProject
Project("{8BC9CEB8-8B4A-11D0-8D11-00A0C91BC942}") = "libbfio", "libbfio\libbfio.vcproj", "{41CFAFBF-A1C8-4704-AFEF-31979E6452B9}"
	ProjectSection(ProjectDependencies) = postProject
		{DD273836-1A76-4A27-BD8E-6866FD572BA0} = {DD273836-1A76-4A27-BD8E-6866FD572BA0}
		{E2987217-D34B-4180-88E2-7670BA247C47} = {E2987217-D34B-4180-88E2-7670BA247C47}
		{8BD5658D-DD71-4B94-BBB1-E4C1CD179487} = {8BD5658D-DD71-4B94-BBB1-E4C1CD179487}
		{383ACE1D-3F9A-4FFD-9064-4A07A8DEE555} = {383ACE1D-3F9A-4FFD-9064-4A07A8DEE555}
		{C73E0E1E-712E-40FA-9665-9963FBBAF8C4} = {C73E0E1E-712E-40FA-9665-9963FBBAF8C4}
		{A3EAA8A5-E938-4DFA-A16E-571745A5B237} = {A3EAA8A5-E938-4DFA-A16E-571745A5B237}
		{459FB64E-C06A-4297-A059-D4436995C9B6} = {459FB64E-C06A-4297-A059-D4436995C9B6}
		{966741B0-8A94-434D-8395-CFA57ACD2984} = {966741B0-8A94-434D-8395-CFA57ACD2984}
		{BC27FF34-C859-4A1A-95D6-FC89952E1910} = {BC27FF34-C859-4A1A-95D6-FC89952E1910}
	EndProjectSection
EndProject
Project("{8BC9CEB8-8B4A-11D0-8D11-00A0C91BC942}") = "libfdatetime", "libfdatetime\libfdatetime.vcproj", "{25C60507-39C6-4564-912D-DA2E7482A00F}"
	ProjectSection(ProjectDependencies) = postProject
		{DD273836-1A76-4A27-BD8E-6866FD572BA0} = {DD273836-1A76-4A27-BD8E-6866FD572BA0}
	EndProjectSection
EndProject
Project("{8BC9CEB8-8B4A-11D0-8D11-00A0C91BC942}") = "libcfile", "libcfile\libcfile.vcproj", "{459FB64E-C06A-4297-A059-D4436995C9B6}"
	ProjectSection(ProjectDependencies) = postProject
		{DD273836-1A76-4A27-BD8E-6866FD572BA0} = {DD273836-1A76-4A27-BD8E-6866FD572BA0}
		{8BD5658D-DD71-4B94-BBB1-E4C1CD179487} = {8BD5658D-DD71-4B94-BBB1-E4C1CD179487}
		{383ACE1D-3F9A-4FFD-9064-4A07A8DEE555} = {383ACE1D-3F9A-4FFD-9064-4A07A8DEE555}
		{BC27FF34-C859-4A1A-95D6-FC89952E1910} = {BC27FF34-C859-4A1A-95D6-FC89952E1910}
	EndProjectSection
EndProject
Project("{8BC9CEB8-8B4A-11D0-8D11-00A0C91BC942}") = "libfwnt", "libfwnt\libfwnt.vcproj", "{77995DF5-47F8-4F68-AAF1-473AEAABB068}"
	ProjectSection(ProjectDependencies) = postProject
		{DD273836-1A76-4A27-BD8E-6866FD572BA0} = {DD273836-1A76-4A27-BD8E-6866FD572BA0}
		{E2987217-D34B-4180-88E2-7670BA247C47} = {E2987217-D34B-4180-88E2-7670BA247C47}
		{C73E0E1E-712E-40FA-9665-9963FBBAF8C4} = {C73E0E1E-712E-40FA-9665-9963FBBAF8C4}
		{383ACE1D-3F9A-4FFD-9064-4A07A8DEE555} = {383ACE1D-3F9A-4FFD-9064-4A07A8DEE555}
	EndProjectSection
EndProject
Project("{8BC9CEB8-8B4A-11D0-8D11-00A0C91BC942}") = "libcthreads", "libcthreads\libcthreads.vcproj", "{E2987217-D34B-4180-88E2-7670BA247C47}"
	ProjectSection(ProjectDependencies) = postProject
		{DD273836-1A76-4A27-BD8E-6866FD572BA0} = {DD273836-1A76-4A27-BD8E-6866FD572BA0}
	EndProjectSection
EndProject
Project("{8BC9CEB8-8B4A-11D0-8D11-00A0C91BC942}") = "agdbinfo", "agdbinfo\agdbinfo.vcproj", "{A7545354-5D50-49F6-A3D0-1F97F6228955}"
	ProjectSection(ProjectDependencies) = postProject
		{25C60507-39C6-4564-912D-DA2E7482A00F} = {25C60507-39C6-4564-912D-DA2E7482A00F}
		{6CEDC6AA-1B60-434A-BD96-3BA83AB22ADE} = {6CEDC6AA-1B60-434A-BD96-3BA83AB22ADE}
		{383ACE1D-3F9A-4FFD-9064-4A07A8DEE555} = {383ACE1D-3F9A-4FFD-9064-4A07A8DEE555}
		{8BD5658D-DD71-4B94-BBB1-E4C1CD179487} = {8BD5658D-DD71-4B94-BBB1-E4C1CD179487}
		{DD273836-1A76-4A27-BD8E-6866FD572BA0} = {DD273836-1A76-4A27-BD8E-6866FD572BA0}
	EndProjectSection
EndProject
Project("{8BC9CEB8-8B4A-11D0-8D11-00A0C91BC942}") = "libcpath", "libcpath\libcpath.vcproj", "{966741B0-8A94-434D-8395-CFA57ACD2984}"
	ProjectSection(ProjectDependencies) = postProject
		{DD273836-1A76-4A27-BD8E-6866FD572BA0} = {DD273836-1A76-4A27-BD8E-6866FD572BA0}
		{8BD5658D-DD71-4B94-BBB1-E4C1CD179487} = {8BD5658D-DD71-4B94-BBB1-E4C1CD179487}
		{A3EAA8A5-E938-4DFA-A16E-571745A5B237} = {A3EAA8A5-E938-4DFA-A16E-571745A5B237}
		{BC27FF34-C859-4A1A-95D6-FC89952E1910} = {BC27FF34-C859-4A1A-95D6-FC89952E1910}
	EndProjectSection
EndProject
Project("{8BC9CEB8-8B4A-11D0-8D11-00A0C91BC942}") = "libuna", "libuna\libuna.vcproj", "{BC27FF34-C859-4A1A-95D6-FC89952E1910}"
	ProjectSection(ProjectDependencies) = postProject
		{DD273836-1A76-4A27-BD8E-6866FD572BA0} = {DD273836-1A76-4A27-BD8E-6866FD572BA0}
	EndProjectSection
EndProject
Project("{8BC9CEB8-8B4A-11D0-8D11-00A0C91BC942}") = "libcerror", "libcerror\libcerror.vcproj", "{DD273836-1A76-4A27-BD8E-6866FD572BA0}"
EndProject
Project("{8BC9CEB8-8B4A-11D0-8D11-00A0C91BC942}") = "libcnotify", "libcnotify\libcnotify.vcproj", "{383ACE1D-3F9A-4FFD-9064-4A07A8DEE555}"
	ProjectSection(ProjectDependencies) = postProject
		{DD273836-1A76-4A27-BD8E-6866FD572BA0} = {DD273836-1A76-4A27-BD8E-6866FD572BA0}
	EndProjectSection
EndProject
Project("{8BC9CEB8-8B4A-11D0-8D11-00A0C91BC942}") = "libfdata", "libfdata\libfdata.vcproj", "{3B880B4D-6184-4F72-A5EE-180829F7289E}"
	ProjectSection(ProjectDependencies) = postProject
		{DD273836-1A76-4A27-BD8E-6866FD572BA0} = {DD273836-1A76-4A27-BD8E-6866FD572BA0}
		{E2987217-D34B-4180-88E2-7670BA247C47} = {E2987217-D34B-4180-88E2-7670BA247C47}
		{C73E0E1E-712E-40FA-9665-9963FBBAF8C4} = {C73E0E1E-712E-40FA-9665-9963FBBAF8C4}
		{383ACE1D-3F9A-4FFD-9064-4A07A8DEE555} = {383ACE1D-3F9A-4FFD-9064-4A07A8DEE555}
		{636E0000-4959-457C-87C5-A212602F3D35} = {636E0000-4959-457C-87C5-A212602F3D35}
	EndProjectSection
EndProject
Project("{8BC9CEB8-8B4A-11D0-8D11-00A0C91BC942}") = "libcdata", "libcdata\libcdata.vcproj", "{C73E0E1E-712E-40FA-9665-9963FBBAF8C4}"
	ProjectSection(ProjectDependencies) = postProject
		{DD273836-1A76-4A27-BD8E-6866FD572BA0} = {DD273836-1A76-4A27-BD8E-6866FD572BA0}
		{E2987217-D34B-4180-88E2-7670BA247C47} = {E2987217-D34B-4180-88E2-7670BA247C47}
	EndProjectSection
EndProject
Project("{8BC9CEB8-8B4A-11D0-8D11-00A0C91BC942}") = "libcsplit", "libcsplit\libcsplit.vcproj", "{A3EAA8A5-E938-4DFA-A16E-571745A5B237}"
	ProjectSection(ProjectDependencies) = postProject
		{DD273836-1A76-4A27-BD8E-6866FD572BA0} = {DD273836-1A76-4A27-BD8E-6866FD572BA0}
	EndProjectSection
EndProject
Project("{8BC9CEB8-8B4A-11D0-8D11-00A0C91BC942}") = "libagdb", "libagdb\libagdb.vcproj", "{6CEDC6AA-1B60-434A-BD96-3BA83AB22ADE}"
	ProjectSection(ProjectDependencies) = postProject
		{DD273836-1A76-4A27-BD8E-6866FD572BA0} = {DD273836-1A76-4A27-BD8E-6866FD572BA0}
		{E2987217-D34B-4180-88E2-7670BA247C47} = {E2987217-D34B-4180-88E2-7670BA247C47}
		{C73E0E1E-712E-40FA-9665-9963FBBAF8C4} = {C73E0E1E-712E-40FA-9665-9963FBBAF8C4}
		{8BD5658D-DD71-4B94-BBB1-E4C1CD179487} = {8BD5658D-DD71-4B94-BBB1-E4C1CD179487}
		{383ACE1D-3F9A-4FFD-9064-4A07A8DEE555} = {383ACE1D-3F9A-4FFD-9064-4A07A8DEE555}
		{A3EAA8A5-E938-4DFA-A16E-571745A5B237} = {A3EAA8A5-E938-4DFA-A16E-571745A5B237}
		{BC27FF34-C859-4A1A-95D6-FC89952E1910} = {BC27FF34-C859-4A1A-95D6-FC89952E1910}
		{459FB64E-C06A-4297-A059-D4436995C9B6} = {459FB64E-C06A-4297-A059-D4436995C9B6}
		{966741B0-8A94-434D-8395-CFA57ACD2984} = {966741B0-8A94-434D-8395-CFA57ACD2984}
		{41CFAFBF-A1C8-4704-AFEF-31979E6452B9} = {41CFAFBF-A1C8-4704-AFEF-31979E6452B9}
		{636E0000-4959-457C-87C5-A212602F3D35} = {636E0000-4959-457C-87C5-A212602F3D35}
		{3B880B4D-6184-4F72-A5EE-180829F7289E} = {3B880B4D-6184-4F72-A5EE-180829F7289E}
		{25C60507-39C6-4564-912D-DA2E7482A00F} = {25C60507-39C6-4564-912D-DA2E7482A00F}
		{77995DF5-47F8-4F68-AAF1-473AEAABB068} = {77995DF5-47F8-4F68-AAF1-473AEAABB068}
	EndProjectSection
EndProject
Global
	GlobalSection(SolutionConfigurationPlatforms) = preSolution
		Release|Win32 = Release|Win32
		VSDebug|Win32 = VSDebug|Win32
	EndGlobalSection
	GlobalSection(ProjectConfigurationPlatforms) = postSolution
		{636E0000-4959-457C-87C5-A212602F3D35}.Release|Win32.ActiveCfg = Release|Win32
		{636E0000-4959-457C-87C5-A212602F3D35}.Release|Win32.Build.0 = Release|Win32
		{636E0000-4959-457C-87C5-A212602F3D35}.VSDebug|Win32.ActiveCfg = VSDebug|Win32
		{636E0000-4959-457C-87C5-A212602F3D35}.VSDebug|Win32.Build.0 = VSDebug|Win32
		{B5A91EC7-26A0-44DB-AAE0-A64CD0D7ACD8}.Release|Win32.ActiveCfg = Release|Win32
		{B5A91EC7-26A0-44DB-AAE0-A64CD0D7ACD8}.Release|Win32.Build.0 = Release|Win32
		{B5A91EC7-26A0-44DB-AAE0-A64CD0D7ACD8}.VSDebug|Win32.ActiveCfg = VSDebug|Win32
		{B5A91EC7-26A0-44DB-AAE0-A64CD0D7ACD8}.VSDebug|Win32.Build.0 = VSDebug|Win32
		{0A3EF574-FC0B-4743-AFEE-D82B500927F7}.Release|Win32.ActiveCfg = Release|Win32
		{0A3EF574-FC0B-4743-AFEE-D82B500927F7}.Release|Win32.Build.0 = Release|Win32
		{0A3EF574-FC0B-4743-AFEE-D82B500927F7}.VSDebug|Win32.ActiveCfg = VSDebug|Win32
		{0A3EF574-FC0B-4743-AFEE-D82B500927F7}.VSDebug|Win32.Build.0 = VSDebug|Win32
		{01DD2757-7DE8-4743-A1F4-9F4252739983}.Release|Win32.ActiveCfg = Release|Win32
		{01DD2757-7DE8-4743-A1F4-9F4252739983}.Release|Win32.Build.0 = Release|Win32
		{01DD2757-7DE8-4743-A1F4-9F4252739983}.VSDebug|Win32.ActiveCfg = VSDebug|Win32
		{01DD2757-7DE8-4743-A1F4-9F4252739983}.VSDebug|Win32.Build.0 = VSDebug|Win32
		{AAAADD84-B054-4E76-81BD-CDB970A47FA4}.Release|Win32.ActiveCfg = Release|Win32
		{AAAADD84-B054-4E76-81BD-CDB970A47FA4}.Release|Win32.Build.0 = Release|Win32
		{AAAADD84-B054-4E76-81BD-CDB970A47FA4}.VSDebug|Win32.ActiveCfg = VSDebug|Win32
		{AAAADD84-B054-4E76-81BD-CDB970A47FA4}.VSDebug|Win32.Build.0 = VSDebug|Win32
		{1C752E7E-1E6F-4B75-BE45-1D9A69DE901C}.Release|Win32.ActiveCfg = Release|Win32
		{1C752E7E-1E6F-4B75-BE45-1D9A69DE901C}.Release|Win32.Build.0 = Release|Win32
		{1C752E7E-1E6F-4B75-BE45-1D9A69DE901C}.VSDebug|Win32.ActiveCfg = VSDebug|Win32
		{1C752E7E-1E6F-4B75-BE45-1D9A69DE901C}.VSDebug|Win32.Build.0 = VSDebug|Win32
		{7E129FF4-B5B3-4D84-923C-B901FE85E783}.Release|Win32.ActiveCfg = Release|Win32
		{7E129FF4-B5B3-4D84-923C-B901FE85E783}.Release|Win32.Build.0 = Release|Win32
		{7E129FF4-B5B3-4D84-923C-B901FE85E783}.VSDebug|Win32.ActiveCfg = VSDebug|Win32
		{7E129FF4-B5B3-4D84-923C-B901FE85E783}.VSDebug|Win32.Build.0 = VSDebug|Win32
		{4CE7498D-95FE-439D-9576-DDA5F6685103}.Release|Win32.ActiveCfg = Release|Win32
		{4CE7498D-95FE-439D-9576-DDA5F6685103}.Release|Win32.Build.0 = Release|Win32
		{4CE7498D-95FE-439D-9576-DDA5F6685103}.VSDebug|Win32.ActiveCfg = VSDebug|Win32
		{4CE7498D-95FE-439D-9576-DDA5F6685103}.VSDebug|Win32.Build.0 = VSDebug|Win32
		{2326A89A-926C-4381-8F08-BB7FEC4FA4E6}.Release|Win32.ActiveCfg = Release|Win32
		{2326A89A-926C-4381-8F08-BB7FEC4FA4E6}.Release|Win32.Build.0 = Release|Win32
		{2326A89A-926C-4381-8F08-BB7FEC4FA4E6}.VSDebug|Win32.ActiveCfg = VSDebug|Win32
		{2326A89A-926C-4381-8F08-BB7FEC4FA4E6}.VSDebug|Win32.Build.0 = VSDebug|Win32
		{A703FD09-9433-44E5-8B8F-0D0942114BC8}.Release|Win32.ActiveCfg = Release|Win32
		{A703FD09-9433-44E5-8B8F-0D0942114BC8}.Release|Win32.Build.0 = Release|Win32
		{A703FD09-9433-44E5-8B8F-0D0942114BC8}.VSDebug|Win32.ActiveCfg = VSDebug|Win32
		{A703FD09-9433-44E5-8B8F-0D0942114BC8}.VSDebug|Win32.Build.0 = VSDebug|Win32
		{62A49753-10CD-4FC7-9A6D-4FC41633C383}.Release|Win32.ActiveCfg = Release|Win32
		{62A49753-10CD-4FC7-9A6D-4FC41633C383}.Release|Win32.Build.0 = Release|Win32
		{62A49753-10CD-4FC7-9A6D-4FC41633C383}.VSDebug|Win32.ActiveCfg = VSDebug|Win32
		{62A49753-10CD-4FC7-9A6D-4FC41633C383}.VSDebug|Win32.Build.0 = VSDebug|Win32
		{B33C7BFA-6314-44E4-930A-A2E33C4B50B8}.Release|Win32.ActiveCfg = Release|Win32
		{B33C7BFA-6314-44E4-930A-A2E33C4B50B8}.Release|Win32.Build.0 = Release|Win32
		{B33C7BFA-6314-44E4-930A-A2E33C4B50B8}.VSDebug|Win32.ActiveCfg = VSDebug|Win32
		{B33C7BFA-6314-44E4-930A-A2E33C4B50B8}.VSDebug|Win32.Build.0 = VSDebug|Win32
		{8BD5658D-DD71-4B94-BBB1-E4C1CD179487}.Release|Win32.ActiveCfg = Release|Win32
		{8BD5658D-DD71-4B94-BBB1-E4C1CD179487}.Release|Win32.Build.0 = Release|Win32
		{8BD5658D-DD71-4B94-BBB1-E4C1CD179487}.VSDebug|Win32.ActiveCfg = VSDebug|Win32
		{8BD5658D-DD71-4B94-BBB1-E4C1CD179487}.VSDebug|Win32.Build.0 = VSDebug|Win32
		{41CFAFBF-A1C8-4704-AFEF-31979E6452B9}.Release|Win32.ActiveCfg = Release|Win32
		{41CFAFBF-A1C8-4704-AFEF-31979E6452B9}.Release|Win32.Build.0 = Release|Win32
		{41CFAFBF-A1C8-4704-AFEF-31979E6452B9}.VSDebug|Win32.ActiveCfg = VSDebug|Win32
		{41CFAFBF-A1C8-4704-AFEF-31979E6452B9}.VSDebug|Win32.Build.0 = VSDebug|Win32
		{25C60507-39C6-4564-912D-DA2E7482A00F}.Release|Win32.ActiveCfg = Release|Win32
		{25C60507-39C6-4564-912D-DA2E7482A00F}.Release|Win32.Build.0 = Release|Win32
		{25C60507-39C6-4564-912D-DA2E7482A00F}.VSDebug|Win32.ActiveCfg = VSDebug|Win32
		{25C60507-39C6-4564-912D-DA2E7482A00F}.VSDebug|Win32.Build.0 = VSDebug|Win32
		{459FB64E-C06A-4297-A059-D4436995C9B6}.Release|Win32.ActiveCfg = Release|Win32
		{459FB64E-C06A-4297-A059-D4436995C9B6}.Release|Win32.Build.0 = Release|Win32
		{459FB64E-C06A-4297-A059-D4436995C9B6}.VSDebug|Win32.ActiveCfg = VSDebug|Win32
		{459FB64E-C06A-4297-A059-D4436995C9B6}.VSDebug|Win32.Build.0 = VSDebug|Win32
		{77995DF5-47F8-4F68-AAF1-473AEAABB068}.Release|Win32.ActiveCfg = Release|Win32
		{77995DF5-47F8-4F68-AAF1-473AEAABB068}.Release|Win32.Build.0 = Release|Win32
		{77995DF5-47F8-4F68-AAF1-473AEAABB068}.VSDebug|Win32.ActiveCfg = VSDebug|Win32
		{77995DF5-47F8-4F68-AAF1-473AEAABB068}.VSDebug|Win32.Build.0 = VSDebug|Win32
		{E2987217-D34B-4180-88E2-7670BA247C47}.Release|Win32.ActiveCfg = Release|Win32
		{E2987217-D34B-4180-88E2-7670BA247C47}.Release|Win32.Build.0 = Release|Win32
		{E2987217-D34B-4180-88E2-7670BA247C47}.VSDebug|Win32.ActiveCfg = VSDebug|Win32
		{E2987217-D34B-4180-88E2-7670BA247C47}.VSDebug|Win32.Build.0 = VSDebug|Win32
		{A7545354-5D50-49F6-A3D0-1F97F6228955}.Release|Win32.ActiveCfg = Release|Win32
		{A7545354-5D50-49F6-A3D0-1F97F6228955}.Release|Win32.Build.0 = Release|Win32
		{A7545354-5D50-49F6-A3D0-1F97F6228955}.VSDebug|Win32.ActiveCfg = VSDebug|Win32
		{A7545354-5D50-49F6-A3D0-1F97F6228955}.VSDebug|Win32.Build.0 = VSDebug|Win32
		{966741B0-8A94-434D-8395-CFA57ACD2984}.Release|Win32.ActiveCfg = Release|Win32
		{966741B0-8A94-434D-8395-CFA57ACD2984}.Release|Win32.Build.0 = Release|Win32
		{966741B0-8A94-434D-8395-CFA57ACD2984}.VSDebug|Win32.ActiveCfg = VSDebug|Win32
		{966741B0-8A94-434D-8395-CFA57ACD2984}.VSDebug|Win32.Build.0 = VSDebug|Win32
		{BC27FF34-C859-4A1A-95D6-FC89952E1910}.Release|Win32.ActiveCfg = Release|Win32
		{BC27FF34-C859-4A1A-95D6-FC89952E1910}.Release|Win32.Build.0 = Release|Win32
		{BC27FF34-C859-4A1A-95D6-FC89952E1910}.VSDebug|Win32.ActiveCfg = VSDebug|Win32
		{BC27FF34-C859-4A1A-95D6-FC89952E1910}.VSDebug|Win32.Build.0 = VSDebug|Win32
		{DD273836-1A76-4A27-BD8E-6866FD572BA0}.Release|Win32.ActiveCfg = Release|Win32
		{DD273836-1A76-4A27-BD8E-6866FD572BA0}.Release|Win32.Build.0 = Release|Win32
		{DD273836-1A76-4A27-BD8E-6866FD572BA0}.VSDebug|Win32.ActiveCfg = VSDebug|Win32
		{DD273836-1A76-4A27-BD8E-6866FD572BA0}.VSDebug|Win32.Build.0 = VSDebug|Win32
		{383ACE1D-3F9A-4FFD-9064-4A07A8DEE555}.Release|Win32.ActiveCfg = Release|Win32
		{383ACE1D-3F9A-4FFD-9064-4A07A8DEE555}.Release|Win32.Build.0 = Release|Win32
		{383ACE1D-3F9A-4FFD-9064-4A07A8DEE555}.VSDebug|Win32.ActiveCfg = VSDebug|Win32
		{383ACE1D-3F9A-4FFD-9064-4A07A8DEE555}.VSDebug|Win32.Build.0 = VSDebug|Win32
		{3B880B4D-6184-4F72-A5EE-180829F7289E}.Release|Win32.ActiveCfg = Release|Win32
		{3B880B4D-6184-4F72-A5EE-180829F7289E}.Release|Win32.Build.0 = Release|Win32
		{3B880B4D-6184-4F72-A5EE-180829F7289E}.VSDebug|Win32.ActiveCfg = VSDebug|Win32
		{3B880B4D-6184-4F72-A5EE-180829F7289E}.VSDebug|Win32.Build.0 = VSDebug|Win32
		{C73E0E1E-712E-40FA-9665-9963FBBAF8C4}.Release|Win32.ActiveCfg = Release|Win32
		{C73E0E1E-712E-40FA-9665-9963FBBAF8C4}.Release|Win32.Build.0 = Release|Win32
		{C73E0E1E-712E-40FA-9665-9963FBBAF8C4}.VSDebug|Win32.ActiveCfg = VSDebug|Win32
		{C73E0E1E-712E-40FA-9665-9963FBBAF8C4}.VSDebug|Win32.Build.0 = VSDebug|Win32
		{A3EAA8A5-E938-4DFA-A16E-571745A5B237}.Release|Win32.ActiveCfg = Release|Win32
		{A3EAA8A5-E938-4DFA-A16E-571745A5B237}.Release|Win32.Build.0 = Release|Win32
		{A3EAA8A5-E938-4DFA-A16E-571745A5B237}.VSDebug|Win32.ActiveCfg = VSDebug|Win32
		{A3EAA8A5-E938-4DFA-A16E-571745A5B237}.VSDebug|Win32.Build.0 = VSDebug|Win32
		{6CEDC6AA-1B60-434A-BD96-3BA83AB22ADE}.Release|Win32.ActiveCfg = Release|Win32
		{6CEDC6AA-1B60-434A-BD96-3BA83AB22ADE}.Release|Win32.Build.0 = Release|Win32
		{6CEDC6AA-1B60-434A-BD96-3BA83AB22ADE}.VSDebug|Win32.ActiveCfg = VSDebug|Win32
		{6CEDC6AA-1B60-434A-BD96-3BA83AB22ADE}.VSDebug|Win32.Build.0 = VSDebug|Win32
	EndGlobalSection
	GlobalSection(SolutionProperties) = preSolution
		HideSolutionNode = FALSE
	EndGlobalSection
EndGlobal
